
Microsoft Visual Studio Solution File, Format Version 12.00
# Visual Studio 2012
Project("{FAE04EC0-301F-11D3-BF4B-00C04F79EFBC}") = "Наследование + Виртуальные методы+Полиморфизм + Свойства и индексаторы", "Наследование\Наследование + Виртуальные методы+Полиморфизм + Свойства и индексаторы.csproj", "{FEEC88AF-265E-4436-91A8-6C251BDA5C6D}"
EndProject
Global
	GlobalSection(SolutionConfigurationPlatforms) = preSolution
		Debug|Any CPU = Debug|Any CPU
		Release|Any CPU = Release|Any CPU
	EndGlobalSection
	GlobalSection(ProjectConfigurationPlatforms) = postSolution
		{FEEC88AF-265E-4436-91A8-6C251BDA5C6D}.Debug|Any CPU.ActiveCfg = Debug|Any CPU
		{FEEC88AF-265E-4436-91A8-6C251BDA5C6D}.Debug|Any CPU.Build.0 = Debug|Any CPU
		{FEEC88AF-265E-4436-91A8-6C251BDA5C6D}.Release|Any CPU.ActiveCfg = Release|Any CPU
		{FEEC88AF-265E-4436-91A8-6C251BDA5C6D}.Release|Any CPU.Build.0 = Release|Any CPU
	EndGlobalSection
	GlobalSection(SolutionProperties) = preSolution
		HideSolutionNode = FALSE
	EndGlobalSection
EndGlobal
